{
  "name": "MUSEU NACIONAL",
  "lockfileVersion": 3,
  "requires": true,
  "packages": {
    "": {
      "dependencies": {
        "html5shiv": "^3.7.3",
        "normalize.css": "^8.0.1",
        "polyfill-library": "^4.8.0"
      }
    },
    "node_modules/@financial-times/polyfill-useragent-normaliser": {
      "version": "2.0.1",
      "resolved": "https://registry.npmjs.org/@financial-times/polyfill-useragent-normaliser/-/polyfill-useragent-normaliser-2.0.1.tgz",
      "integrity": "sha512-I6zZJgy3cwM9ojo9NVNj5kNTkt96KIKhJQIPQ7vjROaDCpy+sTRQA2HLCjBFKgo0AzsqdMB43Tx0Szt/mf+00g==",
      "deprecated": "Package no longer supported. Contact Support at https://www.npmjs.com/support for more info.",
      "dependencies": {
        "@financial-times/useragent_parser": "^1.6.1",
        "semver": "^7.1.1"
      },
      "engines": {
        "node": ">=8"
      }
    },
    "node_modules/@financial-times/useragent_parser": {
      "version": "1.6.3",
      "resolved": "https://registry.npmjs.org/@financial-times/useragent_parser/-/useragent_parser-1.6.3.tgz",
      "integrity": "sha512-TlQiXt/vS5ZwY0V3salvlyQzIzMGZEyw9inmJA25A8heL2kBVENbToiEc64R6ETNf5YHa2lwnc2I7iNHP9SqeQ=="
    },
    "node_modules/core-util-is": {
      "version": "1.0.3",
      "resolved": "https://registry.npmjs.org/core-util-is/-/core-util-is-1.0.3.tgz",
      "integrity": "sha512-ZQBvi1DcpJ4GDqanjucZ2Hj3wEO5pZDS89BWbkcrvdxksJorwUDDZamX9ldFkp9aw2lmBDLgkObEA4DWNJ9FYQ=="
    },
    "node_modules/from2": {
      "version": "2.3.0",
      "resolved": "https://registry.npmjs.org/from2/-/from2-2.3.0.tgz",
      "integrity": "sha512-OMcX/4IC/uqEPVgGeyfN22LJk6AZrMkRZHxcHBMBvHScDGgwTm2GT2Wkgtocyd3JfZffjj2kYUDXXII0Fk9W0g==",
      "dependencies": {
        "inherits": "^2.0.1",
        "readable-stream": "^2.0.0"
      }
    },
    "node_modules/from2-string": {
      "version": "1.1.0",
      "resolved": "https://registry.npmjs.org/from2-string/-/from2-string-1.1.0.tgz",
      "integrity": "sha512-m8vCh+KnXXXBtfF2VUbiYlQ+nczLcntB0BrtNgpmLkHylhObe9WF1b2LZjBBzrZzA6P4mkEla6ZYQoOUTG8cYA==",
      "dependencies": {
        "from2": "^2.0.3"
      }
    },
    "node_modules/graceful-fs": {
      "version": "4.2.11",
      "resolved": "https://registry.npmjs.org/graceful-fs/-/graceful-fs-4.2.11.tgz",
      "integrity": "sha512-RbJ5/jmFcNNCcDV5o9eTnBLJ/HszWV0P73bc+Ff4nS/rJj+YaS6IGyiOL0VoBYX+l1Wrl3k63h/KrH+nhJ0XvQ=="
    },
    "node_modules/html5shiv": {
      "version": "3.7.3",
      "resolved": "https://registry.npmjs.org/html5shiv/-/html5shiv-3.7.3.tgz",
      "integrity": "sha512-SZwGvLGNtgp8GbgFX7oXEp8OR1aBt5LliX6dG0kdD1kl3KhMonN0QcSa/A3TsTgFewaGCbIryQunjayWDXzxmw=="
    },
    "node_modules/inherits": {
      "version": "2.0.4",
      "resolved": "https://registry.npmjs.org/inherits/-/inherits-2.0.4.tgz",
      "integrity": "sha512-k/vGaX4/Yla3WzyMCvTQOXYeIHvqOKtnqBduzTHpzpQZzAskKMhZ2K+EnBiSM9zGSoIFeMpXKxa4dYeZIQqewQ=="
    },
    "node_modules/isarray": {
      "version": "1.0.0",
      "resolved": "https://registry.npmjs.org/isarray/-/isarray-1.0.0.tgz",
      "integrity": "sha512-VLghIWNM6ELQzo7zwmcg0NmTVyWKYjvIeM83yjp0wRDTmUnrM678fQbcKBo6n2CJEF0szoG//ytg+TKla89ALQ=="
    },
    "node_modules/lru-cache": {
      "version": "6.0.0",
      "resolved": "https://registry.npmjs.org/lru-cache/-/lru-cache-6.0.0.tgz",
      "integrity": "sha512-Jo6dJ04CmSjuznwJSS3pUeWmd/H0ffTlkXXgwZi+eq1UCmqQwCh+eLsYOYCwY991i2Fah4h1BEMCx4qThGbsiA==",
      "dependencies": {
        "yallist": "^4.0.0"
      },
      "engines": {
        "node": ">=10"
      }
    },
    "node_modules/merge2": {
      "version": "1.4.1",
      "resolved": "https://registry.npmjs.org/merge2/-/merge2-1.4.1.tgz",
      "integrity": "sha512-8q7VEgMJW4J8tcfVPy8g09NcQwZdbwFEqhe/WZkoIzjn/3TGDwtOCYtXGxA3O8tPzpczCCDgv+P2P5y00ZJOOg==",
      "engines": {
        "node": ">= 8"
      }
    },
    "node_modules/mnemonist": {
      "version": "0.39.8",
      "resolved": "https://registry.npmjs.org/mnemonist/-/mnemonist-0.39.8.tgz",
      "integrity": "sha512-vyWo2K3fjrUw8YeeZ1zF0fy6Mu59RHokURlld8ymdUPjMlD9EC9ov1/YPqTgqRvUN9nTr3Gqfz29LYAmu0PHPQ==",
      "dependencies": {
        "obliterator": "^2.0.1"
      }
    },
    "node_modules/normalize.css": {
      "version": "8.0.1",
      "resolved": "https://registry.npmjs.org/normalize.css/-/normalize.css-8.0.1.tgz",
      "integrity": "sha512-qizSNPO93t1YUuUhP22btGOo3chcvDFqFaj2TRybP0DMxkHOCTYwp3n34fel4a31ORXy4m1Xq0Gyqpb5m33qIg=="
    },
    "node_modules/obliterator": {
      "version": "2.0.4",
      "resolved": "https://registry.npmjs.org/obliterator/-/obliterator-2.0.4.tgz",
      "integrity": "sha512-lgHwxlxV1qIg1Eap7LgIeoBWIMFibOjbrYPIPJZcI1mmGAI2m3lNYpK12Y+GBdPQ0U1hRwSord7GIaawz962qQ=="
    },
    "node_modules/polyfill-library": {
      "version": "4.8.0",
      "resolved": "https://registry.npmjs.org/polyfill-library/-/polyfill-library-4.8.0.tgz",
      "integrity": "sha512-7+EjQmy3C7WJRaqCcVFXDE1DLBAIZ9es3DdvBKBxl98kn4kZCjuFKUi13uKDd618DVqZDkvqorP+pBFs7v5feQ==",
      "dependencies": {
        "@financial-times/polyfill-useragent-normaliser": "^2.0.1",
        "from2-string": "^1.1.0",
        "graceful-fs": "^4.2.10",
        "merge2": "^1.0.3",
        "mnemonist": "^0.39.2",
        "stream-from-promise": "^1.0.0",
        "stream-to-string": "^1.1.0",
        "toposort": "^2.0.2"
      },
      "engines": {
        "node": ">=12"
      }
    },
    "node_modules/process-nextick-args": {
      "version": "2.0.1",
      "resolved": "https://registry.npmjs.org/process-nextick-args/-/process-nextick-args-2.0.1.tgz",
      "integrity": "sha512-3ouUOpQhtgrbOa17J7+uxOTpITYWaGP7/AhoR3+A+/1e9skrzelGi/dXzEYyvbxubEF6Wn2ypscTKiKJFFn1ag=="
    },
    "node_modules/promise-polyfill": {
      "version": "1.1.6",
      "resolved": "https://registry.npmjs.org/promise-polyfill/-/promise-polyfill-1.1.6.tgz",
      "integrity": "sha512-7rrONfyLkDEc7OJ5QBkqa4KI4EBhCd340xRuIUPGCfu13znS+vx+VDdrT9ODAJHlXm7w4lbxN3DRjyv58EuzDg=="
    },
    "node_modules/readable-stream": {
      "version": "2.3.8",
      "resolved": "https://registry.npmjs.org/readable-stream/-/readable-stream-2.3.8.tgz",
      "integrity": "sha512-8p0AUk4XODgIewSi0l8Epjs+EVnWiK7NoDIEGU0HhE7+ZyY8D1IMY7odu5lRrFXGg71L15KG8QrPmum45RTtdA==",
      "dependencies": {
        "core-util-is": "~1.0.0",
        "inherits": "~2.0.3",
        "isarray": "~1.0.0",
        "process-nextick-args": "~2.0.0",
        "safe-buffer": "~5.1.1",
        "string_decoder": "~1.1.1",
        "util-deprecate": "~1.0.1"
      }
    },
    "node_modules/safe-buffer": {
      "version": "5.1.2",
      "resolved": "https://registry.npmjs.org/safe-buffer/-/safe-buffer-5.1.2.tgz",
      "integrity": "sha512-Gd2UZBJDkXlY7GbJxfsE8/nvKkUEU1G38c1siN6QP6a9PT9MmHB8GnpscSmMJSoF8LOIrt8ud/wPtojys4G6+g=="
    },
    "node_modules/semver": {
      "version": "7.6.0",
      "resolved": "https://registry.npmjs.org/semver/-/semver-7.6.0.tgz",
      "integrity": "sha512-EnwXhrlwXMk9gKu5/flx5sv/an57AkRplG3hTK68W7FRDN+k+OWBj65M7719OkA82XLBxrcX0KSHj+X5COhOVg==",
      "dependencies": {
        "lru-cache": "^6.0.0"
      },
      "bin": {
        "semver": "bin/semver.js"
      },
      "engines": {
        "node": ">=10"
      }
    },
    "node_modules/stream-from-promise": {
      "version": "1.0.0",
      "resolved": "https://registry.npmjs.org/stream-from-promise/-/stream-from-promise-1.0.0.tgz",
      "integrity": "sha512-j84KLkudt+gr8KJ21RB02btPLx61uGbrLnewsWz6QKmsz8/c4ZFqXw6mJh5+G4oRN7DgDxdbjPxnpySpg1mUig==",
      "engines": {
        "node": ">=0.10.0"
      }
    },
    "node_modules/stream-to-string": {
      "version": "1.2.1",
      "resolved": "https://registry.npmjs.org/stream-to-string/-/stream-to-string-1.2.1.tgz",
      "integrity": "sha512-WsvTDNF8UYs369Yko3pcdTducQtYpzEZeOV7cTuReyFvOoA9S/DLJ6sYK+xPafSPHhUMpaxiljKYnT6JSFztIA==",
      "dependencies": {
        "promise-polyfill": "^1.1.6"
      }
    },
    "node_modules/string_decoder": {
      "version": "1.1.1",
      "resolved": "https://registry.npmjs.org/string_decoder/-/string_decoder-1.1.1.tgz",
      "integrity": "sha512-n/ShnvDi6FHbbVfviro+WojiFzv+s8MPMHBczVePfUpDJLwoLT0ht1l4YwBCbi8pJAveEEdnkHyPyTP/mzRfwg==",
      "dependencies": {
        "safe-buffer": "~5.1.0"
      }
    },
    "node_modules/toposort": {
      "version": "2.0.2",
      "resolved": "https://registry.npmjs.org/toposort/-/toposort-2.0.2.tgz",
      "integrity": "sha512-0a5EOkAUp8D4moMi2W8ZF8jcga7BgZd91O/yabJCFY8az+XSzeGyTKs0Aoo897iV1Nj6guFq8orWDS96z91oGg=="
    },
    "node_modules/util-deprecate": {
      "version": "1.0.2",
      "resolved": "https://registry.npmjs.org/util-deprecate/-/util-deprecate-1.0.2.tgz",
      "integrity": "sha512-EPD5q1uXyFxJpCrLnCc1nHnq3gOa6DZBocAIiI2TaSCA7VCJ1UJDMagCzIkXNsUYfD1daK//LTEQ8xiIbrHtcw=="
    },
    "node_modules/yallist": {
      "version": "4.0.0",
      "resolved": "https://registry.npmjs.org/yallist/-/yallist-4.0.0.tgz",
      "integrity": "sha512-3wdGidZyq5PB084XLES5TpOSRA3wjXAlIWMhum2kRcv/41Sn2emQ0dycQW4uZXLejwKvg6EsvbdlVL+FYEct7A=="
    }
  }
}
